
Microsoft Visual Studio Solution File, Format Version 12.00
# Visual Studio 15
VisualStudioVersion = 15.0.27130.2036
MinimumVisualStudioVersion = 10.0.40219.1
Project("{FAE04EC0-301F-11D3-BF4B-00C04F79EFBC}") = "SolverCore", "SolverCore\SolverCore.csproj", "{70034292-9752-45DE-973E-B249A3886513}"
EndProject
Global
	GlobalSection(SolutionConfigurationPlatforms) = preSolution
		Debug|Any CPU = Debug|Any CPU
		Release|Any CPU = Release|Any CPU
	EndGlobalSection
	GlobalSection(ProjectConfigurationPlatforms) = postSolution
		{70034292-9752-45DE-973E-B249A3886513}.Debug|Any CPU.ActiveCfg = Debug|Any CPU
		{70034292-9752-45DE-973E-B249A3886513}.Debug|Any CPU.Build.0 = Debug|Any CPU
		{70034292-9752-45DE-973E-B249A3886513}.Release|Any CPU.ActiveCfg = Release|Any CPU
		{70034292-9752-45DE-973E-B249A3886513}.Release|Any CPU.Build.0 = Release|Any CPU
	EndGlobalSection
	GlobalSection(SolutionProperties) = preSolution
		HideSolutionNode = FALSE
	EndGlobalSection
	GlobalSection(ExtensibilityGlobals) = postSolution
		SolutionGuid = {DCCE585A-F88B-48F5-90DF-13F66C4F2365}
	EndGlobalSection
EndGlobal
